// !$*UTF8*$!
{
	archiveVersion = 1;
	classes = {
	};
	objectVersion = 56;
	objects = {

/* Begin PBXBuildFile section */
		4A5B586A293DDAAD00DE1E59 /* WeatherApp.swift in Sources */ = {isa = PBXBuildFile; fileRef = 4A5B5869293DDAAD00DE1E59 /* WeatherApp.swift */; };
		4A5B586C293DDAAD00DE1E59 /* ContentView.swift in Sources */ = {isa = PBXBuildFile; fileRef = 4A5B586B293DDAAD00DE1E59 /* ContentView.swift */; };
		4A5B586E293DDAAF00DE1E59 /* Assets.xcassets in Resources */ = {isa = PBXBuildFile; fileRef = 4A5B586D293DDAAF00DE1E59 /* Assets.xcassets */; };
		4A5B5871293DDAAF00DE1E59 /* Preview Assets.xcassets in Resources */ = {isa = PBXBuildFile; fileRef = 4A5B5870293DDAAF00DE1E59 /* Preview Assets.xcassets */; };
		4A5B587F293DDE0D00DE1E59 /* Extensions.swift in Sources */ = {isa = PBXBuildFile; fileRef = 4A5B587E293DDE0D00DE1E59 /* Extensions.swift */; };
		4A5B5881293DE0BC00DE1E59 /* HomeView.swift in Sources */ = {isa = PBXBuildFile; fileRef = 4A5B5880293DE0BC00DE1E59 /* HomeView.swift */; };
		4A5B5883293DE55700DE1E59 /* TabBar.swift in Sources */ = {isa = PBXBuildFile; fileRef = 4A5B5882293DE55700DE1E59 /* TabBar.swift */; };
		4A5B5885293DEC2400DE1E59 /* Shapes.swift in Sources */ = {isa = PBXBuildFile; fileRef = 4A5B5884293DEC2400DE1E59 /* Shapes.swift */; };
		4A5B5888293DEFB700DE1E59 /* BottomSheet in Frameworks */ = {isa = PBXBuildFile; productRef = 4A5B5887293DEFB700DE1E59 /* BottomSheet */; };
		4A5B588A293DF13400DE1E59 /* ForecastView.swift in Sources */ = {isa = PBXBuildFile; fileRef = 4A5B5889293DF13400DE1E59 /* ForecastView.swift */; };
		4A5B588C293DF35D00DE1E59 /* Blur.swift in Sources */ = {isa = PBXBuildFile; fileRef = 4A5B588B293DF35D00DE1E59 /* Blur.swift */; };
		4A5B588E293E00FF00DE1E59 /* SegmentedControl.swift in Sources */ = {isa = PBXBuildFile; fileRef = 4A5B588D293E00FF00DE1E59 /* SegmentedControl.swift */; };
		4A5B5890293E039500DE1E59 /* ForecastModel.swift in Sources */ = {isa = PBXBuildFile; fileRef = 4A5B588F293E039500DE1E59 /* ForecastModel.swift */; };
		4A5B5892293E070800DE1E59 /* ForecastCard.swift in Sources */ = {isa = PBXBuildFile; fileRef = 4A5B5891293E070800DE1E59 /* ForecastCard.swift */; };
		4A5B5894293E0D0600DE1E59 /* NavigationBar.swift in Sources */ = {isa = PBXBuildFile; fileRef = 4A5B5893293E0D0600DE1E59 /* NavigationBar.swift */; };
		4A5B5896293E0E9800DE1E59 /* WeatherView.swift in Sources */ = {isa = PBXBuildFile; fileRef = 4A5B5895293E0E9800DE1E59 /* WeatherView.swift */; };
		4A5B5898293E0F6D00DE1E59 /* WeatherWidget.swift in Sources */ = {isa = PBXBuildFile; fileRef = 4A5B5897293E0F6D00DE1E59 /* WeatherWidget.swift */; };
/* End PBXBuildFile section */

/* Begin PBXFileReference section */
		4A5B5866293DDAAD00DE1E59 /* Weather.app */ = {isa = PBXFileReference; explicitFileType = wrapper.application; includeInIndex = 0; path = Weather.app; sourceTree = BUILT_PRODUCTS_DIR; };
		4A5B5869293DDAAD00DE1E59 /* WeatherApp.swift */ = {isa = PBXFileReference; lastKnownFileType = sourcecode.swift; path = WeatherApp.swift; sourceTree = "<group>"; };
		4A5B586B293DDAAD00DE1E59 /* ContentView.swift */ = {isa = PBXFileReference; lastKnownFileType = sourcecode.swift; path = ContentView.swift; sourceTree = "<group>"; };
		4A5B586D293DDAAF00DE1E59 /* Assets.xcassets */ = {isa = PBXFileReference; lastKnownFileType = folder.assetcatalog; path = Assets.xcassets; sourceTree = "<group>"; };
		4A5B5870293DDAAF00DE1E59 /* Preview Assets.xcassets */ = {isa = PBXFileReference; lastKnownFileType = folder.assetcatalog; path = "Preview Assets.xcassets"; sourceTree = "<group>"; };
		4A5B587E293DDE0D00DE1E59 /* Extensions.swift */ = {isa = PBXFileReference; lastKnownFileType = sourcecode.swift; path = Extensions.swift; sourceTree = "<group>"; };
		4A5B5880293DE0BC00DE1E59 /* HomeView.swift */ = {isa = PBXFileReference; lastKnownFileType = sourcecode.swift; path = HomeView.swift; sourceTree = "<group>"; };
		4A5B5882293DE55700DE1E59 /* TabBar.swift */ = {isa = PBXFileReference; lastKnownFileType = sourcecode.swift; path = TabBar.swift; sourceTree = "<group>"; };
		4A5B5884293DEC2400DE1E59 /* Shapes.swift */ = {isa = PBXFileReference; lastKnownFileType = sourcecode.swift; path = Shapes.swift; sourceTree = "<group>"; };
		4A5B5889293DF13400DE1E59 /* ForecastView.swift */ = {isa = PBXFileReference; lastKnownFileType = sourcecode.swift; path = ForecastView.swift; sourceTree = "<group>"; };
		4A5B588B293DF35D00DE1E59 /* Blur.swift */ = {isa = PBXFileReference; lastKnownFileType = sourcecode.swift; path = Blur.swift; sourceTree = "<group>"; };
		4A5B588D293E00FF00DE1E59 /* SegmentedControl.swift */ = {isa = PBXFileReference; lastKnownFileType = sourcecode.swift; path = SegmentedControl.swift; sourceTree = "<group>"; };
		4A5B588F293E039500DE1E59 /* ForecastModel.swift */ = {isa = PBXFileReference; lastKnownFileType = sourcecode.swift; path = ForecastModel.swift; sourceTree = "<group>"; };
		4A5B5891293E070800DE1E59 /* ForecastCard.swift */ = {isa = PBXFileReference; lastKnownFileType = sourcecode.swift; path = ForecastCard.swift; sourceTree = "<group>"; };
		4A5B5893293E0D0600DE1E59 /* NavigationBar.swift */ = {isa = PBXFileReference; lastKnownFileType = sourcecode.swift; path = NavigationBar.swift; sourceTree = "<group>"; };
		4A5B5895293E0E9800DE1E59 /* WeatherView.swift */ = {isa = PBXFileReference; lastKnownFileType = sourcecode.swift; path = WeatherView.swift; sourceTree = "<group>"; };
		4A5B5897293E0F6D00DE1E59 /* WeatherWidget.swift */ = {isa = PBXFileReference; lastKnownFileType = sourcecode.swift; path = WeatherWidget.swift; sourceTree = "<group>"; };
/* End PBXFileReference section */

/* Begin PBXFrameworksBuildPhase section */
		4A5B5863293DDAAD00DE1E59 /* Frameworks */ = {
			isa = PBXFrameworksBuildPhase;
			buildActionMask = 2147483647;
			files = (
				4A5B5888293DEFB700DE1E59 /* BottomSheet in Frameworks */,
			);
			runOnlyForDeploymentPostprocessing = 0;
		};
/* End PBXFrameworksBuildPhase section */

/* Begin PBXGroup section */
		4A5B585D293DDAAD00DE1E59 = {
			isa = PBXGroup;
			children = (
				4A5B5868293DDAAD00DE1E59 /* Weather */,
				4A5B5867293DDAAD00DE1E59 /* Products */,
			);
			sourceTree = "<group>";
		};
		4A5B5867293DDAAD00DE1E59 /* Products */ = {
			isa = PBXGroup;
			children = (
				4A5B5866293DDAAD00DE1E59 /* Weather.app */,
			);
			name = Products;
			sourceTree = "<group>";
		};
		4A5B5868293DDAAD00DE1E59 /* Weather */ = {
			isa = PBXGroup;
			children = (
				4A5B5869293DDAAD00DE1E59 /* WeatherApp.swift */,
				4A5B5877293DDD4900DE1E59 /* Views */,
				4A5B5878293DDD5400DE1E59 /* Models */,
				4A5B5879293DDD6100DE1E59 /* Utils */,
				4A5B586D293DDAAF00DE1E59 /* Assets.xcassets */,
				4A5B586F293DDAAF00DE1E59 /* Preview Content */,
			);
			path = Weather;
			sourceTree = "<group>";
		};
		4A5B586F293DDAAF00DE1E59 /* Preview Content */ = {
			isa = PBXGroup;
			children = (
				4A5B5870293DDAAF00DE1E59 /* Preview Assets.xcassets */,
			);
			path = "Preview Content";
			sourceTree = "<group>";
		};
		4A5B5877293DDD4900DE1E59 /* Views */ = {
			isa = PBXGroup;
			children = (
				4A5B587A293DDD9200DE1E59 /* Main */,
				4A5B587B293DDD9900DE1E59 /* Navigation */,
				4A5B587C293DDD9F00DE1E59 /* Detail */,
				4A5B587D293DDDA400DE1E59 /* Components */,
			);
			path = Views;
			sourceTree = "<group>";
		};
		4A5B5878293DDD5400DE1E59 /* Models */ = {
			isa = PBXGroup;
			children = (
				4A5B588F293E039500DE1E59 /* ForecastModel.swift */,
			);
			path = Models;
			sourceTree = "<group>";
		};
		4A5B5879293DDD6100DE1E59 /* Utils */ = {
			isa = PBXGroup;
			children = (
				4A5B587E293DDE0D00DE1E59 /* Extensions.swift */,
				4A5B5884293DEC2400DE1E59 /* Shapes.swift */,
			);
			path = Utils;
			sourceTree = "<group>";
		};
		4A5B587A293DDD9200DE1E59 /* Main */ = {
			isa = PBXGroup;
			children = (
				4A5B586B293DDAAD00DE1E59 /* ContentView.swift */,
				4A5B5880293DE0BC00DE1E59 /* HomeView.swift */,
			);
			path = Main;
			sourceTree = "<group>";
		};
		4A5B587B293DDD9900DE1E59 /* Navigation */ = {
			isa = PBXGroup;
			children = (
				4A5B5882293DE55700DE1E59 /* TabBar.swift */,
				4A5B5893293E0D0600DE1E59 /* NavigationBar.swift */,
			);
			path = Navigation;
			sourceTree = "<group>";
		};
		4A5B587C293DDD9F00DE1E59 /* Detail */ = {
			isa = PBXGroup;
			children = (
				4A5B5889293DF13400DE1E59 /* ForecastView.swift */,
				4A5B5895293E0E9800DE1E59 /* WeatherView.swift */,
			);
			path = Detail;
			sourceTree = "<group>";
		};
		4A5B587D293DDDA400DE1E59 /* Components */ = {
			isa = PBXGroup;
			children = (
				4A5B588B293DF35D00DE1E59 /* Blur.swift */,
				4A5B588D293E00FF00DE1E59 /* SegmentedControl.swift */,
				4A5B5891293E070800DE1E59 /* ForecastCard.swift */,
				4A5B5897293E0F6D00DE1E59 /* WeatherWidget.swift */,
			);
			path = Components;
			sourceTree = "<group>";
		};
/* End PBXGroup section */

/* Begin PBXNativeTarget section */
		4A5B5865293DDAAD00DE1E59 /* Weather */ = {
			isa = PBXNativeTarget;
			buildConfigurationList = 4A5B5874293DDAAF00DE1E59 /* Build configuration list for PBXNativeTarget "Weather" */;
			buildPhases = (
				4A5B5862293DDAAD00DE1E59 /* Sources */,
				4A5B5863293DDAAD00DE1E59 /* Frameworks */,
				4A5B5864293DDAAD00DE1E59 /* Resources */,
			);
			buildRules = (
			);
			dependencies = (
			);
			name = Weather;
			packageProductDependencies = (
				4A5B5887293DEFB700DE1E59 /* BottomSheet */,
			);
			productName = Weather;
			productReference = 4A5B5866293DDAAD00DE1E59 /* Weather.app */;
			productType = "com.apple.product-type.application";
		};
/* End PBXNativeTarget section */

/* Begin PBXProject section */
		4A5B585E293DDAAD00DE1E59 /* Project object */ = {
			isa = PBXProject;
			attributes = {
				BuildIndependentTargetsInParallel = 1;
				LastSwiftUpdateCheck = 1410;
				LastUpgradeCheck = 1410;
				TargetAttributes = {
					4A5B5865293DDAAD00DE1E59 = {
						CreatedOnToolsVersion = 14.1;
					};
				};
			};
			buildConfigurationList = 4A5B5861293DDAAD00DE1E59 /* Build configuration list for PBXProject "Weather" */;
			compatibilityVersion = "Xcode 14.0";
			developmentRegion = en;
			hasScannedForEncodings = 0;
			knownRegions = (
				en,
				Base,
			);
			mainGroup = 4A5B585D293DDAAD00DE1E59;
			packageReferences = (
				4A5B5886293DEFB700DE1E59 /* XCRemoteSwiftPackageReference "BottomSheet" */,
			);
			productRefGroup = 4A5B5867293DDAAD00DE1E59 /* Products */;
			projectDirPath = "";
			projectRoot = "";
			targets = (
				4A5B5865293DDAAD00DE1E59 /* Weather */,
			);
		};
/* End PBXProject section */

/* Begin PBXResourcesBuildPhase section */
		4A5B5864293DDAAD00DE1E59 /* Resources */ = {
			isa = PBXResourcesBuildPhase;
			buildActionMask = 2147483647;
			files = (
				4A5B5871293DDAAF00DE1E59 /* Preview Assets.xcassets in Resources */,
				4A5B586E293DDAAF00DE1E59 /* Assets.xcassets in Resources */,
			);
			runOnlyForDeploymentPostprocessing = 0;
		};
/* End PBXResourcesBuildPhase section */

/* Begin PBXSourcesBuildPhase section */
		4A5B5862293DDAAD00DE1E59 /* Sources */ = {
			isa = PBXSourcesBuildPhase;
			buildActionMask = 2147483647;
			files = (
				4A5B5898293E0F6D00DE1E59 /* WeatherWidget.swift in Sources */,
				4A5B5892293E070800DE1E59 /* ForecastCard.swift in Sources */,
				4A5B586C293DDAAD00DE1E59 /* ContentView.swift in Sources */,
				4A5B588E293E00FF00DE1E59 /* SegmentedControl.swift in Sources */,
				4A5B5881293DE0BC00DE1E59 /* HomeView.swift in Sources */,
				4A5B588C293DF35D00DE1E59 /* Blur.swift in Sources */,
				4A5B5896293E0E9800DE1E59 /* WeatherView.swift in Sources */,
				4A5B587F293DDE0D00DE1E59 /* Extensions.swift in Sources */,
				4A5B586A293DDAAD00DE1E59 /* WeatherApp.swift in Sources */,
				4A5B588A293DF13400DE1E59 /* ForecastView.swift in Sources */,
				4A5B5883293DE55700DE1E59 /* TabBar.swift in Sources */,
				4A5B5890293E039500DE1E59 /* ForecastModel.swift in Sources */,
				4A5B5885293DEC2400DE1E59 /* Shapes.swift in Sources */,
				4A5B5894293E0D0600DE1E59 /* NavigationBar.swift in Sources */,
			);
			runOnlyForDeploymentPostprocessing = 0;
		};
/* End PBXSourcesBuildPhase section */

/* Begin XCBuildConfiguration section */
		4A5B5872293DDAAF00DE1E59 /* Debug */ = {
			isa = XCBuildConfiguration;
			buildSettings = {
				ALWAYS_SEARCH_USER_PATHS = NO;
				CLANG_ANALYZER_NONNULL = YES;
				CLANG_ANALYZER_NUMBER_OBJECT_CONVERSION = YES_AGGRESSIVE;
				CLANG_CXX_LANGUAGE_STANDARD = "gnu++20";
				CLANG_ENABLE_MODULES = YES;
				CLANG_ENABLE_OBJC_ARC = YES;
				CLANG_ENABLE_OBJC_WEAK = YES;
				CLANG_WARN_BLOCK_CAPTURE_AUTORELEASING = YES;
				CLANG_WARN_BOOL_CONVERSION = YES;
				CLANG_WARN_COMMA = YES;
				CLANG_WARN_CONSTANT_CONVERSION = YES;
				CLANG_WARN_DEPRECATED_OBJC_IMPLEMENTATIONS = YES;
				CLANG_WARN_DIRECT_OBJC_ISA_USAGE = YES_ERROR;
				CLANG_WARN_DOCUMENTATION_COMMENTS = YES;
				CLANG_WARN_EMPTY_BODY = YES;
				CLANG_WARN_ENUM_CONVERSION = YES;
				CLANG_WARN_INFINITE_RECURSION = YES;
				CLANG_WARN_INT_CONVERSION = YES;
				CLANG_WARN_NON_LITERAL_NULL_CONVERSION = YES;
				CLANG_WARN_OBJC_IMPLICIT_RETAIN_SELF = YES;
				CLANG_WARN_OBJC_LITERAL_CONVERSION = YES;
				CLANG_WARN_OBJC_ROOT_CLASS = YES_ERROR;
				CLANG_WARN_QUOTED_INCLUDE_IN_FRAMEWORK_HEADER = YES;
				CLANG_WARN_RANGE_LOOP_ANALYSIS = YES;
				CLANG_WARN_STRICT_PROTOTYPES = YES;
				CLANG_WARN_SUSPICIOUS_MOVE = YES;
				CLANG_WARN_UNGUARDED_AVAILABILITY = YES_AGGRESSIVE;
				CLANG_WARN_UNREACHABLE_CODE = YES;
				CLANG_WARN__DUPLICATE_METHOD_MATCH = YES;
				COPY_PHASE_STRIP = NO;
				DEBUG_INFORMATION_FORMAT = dwarf;
				ENABLE_STRICT_OBJC_MSGSEND = YES;
				ENABLE_TESTABILITY = YES;
				GCC_C_LANGUAGE_STANDARD = gnu11;
				GCC_DYNAMIC_NO_PIC = NO;
				GCC_NO_COMMON_BLOCKS = YES;
				GCC_OPTIMIZATION_LEVEL = 0;
				GCC_PREPROCESSOR_DEFINITIONS = (
					"DEBUG=1",
					"$(inherited)",
				);
				GCC_WARN_64_TO_32_BIT_CONVERSION = YES;
				GCC_WARN_ABOUT_RETURN_TYPE = YES_ERROR;
				GCC_WARN_UNDECLARED_SELECTOR = YES;
				GCC_WARN_UNINITIALIZED_AUTOS = YES_AGGRESSIVE;
				GCC_WARN_UNUSED_FUNCTION = YES;
				GCC_WARN_UNUSED_VARIABLE = YES;
				IPHONEOS_DEPLOYMENT_TARGET = 16.1;
				MTL_ENABLE_DEBUG_INFO = INCLUDE_SOURCE;
				MTL_FAST_MATH = YES;
				ONLY_ACTIVE_ARCH = YES;
				SDKROOT = iphoneos;
				SWIFT_ACTIVE_COMPILATION_CONDITIONS = DEBUG;
				SWIFT_OPTIMIZATION_LEVEL = "-Onone";
			};
			name = Debug;
		};
		4A5B5873293DDAAF00DE1E59 /* Release */ = {
			isa = XCBuildConfiguration;
			buildSettings = {
				ALWAYS_SEARCH_USER_PATHS = NO;
				CLANG_ANALYZER_NONNULL = YES;
				CLANG_ANALYZER_NUMBER_OBJECT_CONVERSION = YES_AGGRESSIVE;
				CLANG_CXX_LANGUAGE_STANDARD = "gnu++20";
				CLANG_ENABLE_MODULES = YES;
				CLANG_ENABLE_OBJC_ARC = YES;
				CLANG_ENABLE_OBJC_WEAK = YES;
				CLANG_WARN_BLOCK_CAPTURE_AUTORELEASING = YES;
				CLANG_WARN_BOOL_CONVERSION = YES;
				CLANG_WARN_COMMA = YES;
				CLANG_WARN_CONSTANT_CONVERSION = YES;
				CLANG_WARN_DEPRECATED_OBJC_IMPLEMENTATIONS = YES;
				CLANG_WARN_DIRECT_OBJC_ISA_USAGE = YES_ERROR;
				CLANG_WARN_DOCUMENTATION_COMMENTS = YES;
				CLANG_WARN_EMPTY_BODY = YES;
				CLANG_WARN_ENUM_CONVERSION = YES;
				CLANG_WARN_INFINITE_RECURSION = YES;
				CLANG_WARN_INT_CONVERSION = YES;
				CLANG_WARN_NON_LITERAL_NULL_CONVERSION = YES;
				CLANG_WARN_OBJC_IMPLICIT_RETAIN_SELF = YES;
				CLANG_WARN_OBJC_LITERAL_CONVERSION = YES;
				CLANG_WARN_OBJC_ROOT_CLASS = YES_ERROR;
				CLANG_WARN_QUOTED_INCLUDE_IN_FRAMEWORK_HEADER = YES;
				CLANG_WARN_RANGE_LOOP_ANALYSIS = YES;
				CLANG_WARN_STRICT_PROTOTYPES = YES;
				CLANG_WARN_SUSPICIOUS_MOVE = YES;
				CLANG_WARN_UNGUARDED_AVAILABILITY = YES_AGGRESSIVE;
				CLANG_WARN_UNREACHABLE_CODE = YES;
				CLANG_WARN__DUPLICATE_METHOD_MATCH = YES;
				COPY_PHASE_STRIP = NO;
				DEBUG_INFORMATION_FORMAT = "dwarf-with-dsym";
				ENABLE_NS_ASSERTIONS = NO;
				ENABLE_STRICT_OBJC_MSGSEND = YES;
				GCC_C_LANGUAGE_STANDARD = gnu11;
				GCC_NO_COMMON_BLOCKS = YES;
				GCC_WARN_64_TO_32_BIT_CONVERSION = YES;
				GCC_WARN_ABOUT_RETURN_TYPE = YES_ERROR;
				GCC_WARN_UNDECLARED_SELECTOR = YES;
				GCC_WARN_UNINITIALIZED_AUTOS = YES_AGGRESSIVE;
				GCC_WARN_UNUSED_FUNCTION = YES;
				GCC_WARN_UNUSED_VARIABLE = YES;
				IPHONEOS_DEPLOYMENT_TARGET = 16.1;
				MTL_ENABLE_DEBUG_INFO = NO;
				MTL_FAST_MATH = YES;
				SDKROOT = iphoneos;
				SWIFT_COMPILATION_MODE = wholemodule;
				SWIFT_OPTIMIZATION_LEVEL = "-O";
				VALIDATE_PRODUCT = YES;
			};
			name = Release;
		};
		4A5B5875293DDAAF00DE1E59 /* Debug */ = {
			isa = XCBuildConfiguration;
			buildSettings = {
				ASSETCATALOG_COMPILER_APPICON_NAME = AppIcon;
				ASSETCATALOG_COMPILER_GLOBAL_ACCENT_COLOR_NAME = AccentColor;
				CODE_SIGN_STYLE = Automatic;
				CURRENT_PROJECT_VERSION = 1;
				DEVELOPMENT_ASSET_PATHS = "\"Weather/Preview Content\"";
				DEVELOPMENT_TEAM = PMUCGBJYJT;
				ENABLE_PREVIEWS = YES;
				GENERATE_INFOPLIST_FILE = YES;
				INFOPLIST_KEY_UIApplicationSceneManifest_Generation = YES;
				INFOPLIST_KEY_UIApplicationSupportsIndirectInputEvents = YES;
				INFOPLIST_KEY_UILaunchScreen_Generation = YES;
				INFOPLIST_KEY_UISupportedInterfaceOrientations_iPad = "UIInterfaceOrientationPortrait UIInterfaceOrientationPortraitUpsideDown UIInterfaceOrientationLandscapeLeft UIInterfaceOrientationLandscapeRight";
				INFOPLIST_KEY_UISupportedInterfaceOrientations_iPhone = "UIInterfaceOrientationPortrait UIInterfaceOrientationLandscapeLeft UIInterfaceOrientationLandscapeRight";
				LD_RUNPATH_SEARCH_PATHS = (
					"$(inherited)",
					"@executable_path/Frameworks",
				);
				MARKETING_VERSION = 1.0;
				PRODUCT_BUNDLE_IDENTIFIER = com.venturelive.Weather;
				PRODUCT_NAME = "$(TARGET_NAME)";
				SWIFT_EMIT_LOC_STRINGS = YES;
				SWIFT_VERSION = 5.0;
				TARGETED_DEVICE_FAMILY = "1,2";
			};
			name = Debug;
		};
		4A5B5876293DDAAF00DE1E59 /* Release */ = {
			isa = XCBuildConfiguration;
			buildSettings = {
				ASSETCATALOG_COMPILER_APPICON_NAME = AppIcon;
				ASSETCATALOG_COMPILER_GLOBAL_ACCENT_COLOR_NAME = AccentColor;
				CODE_SIGN_STYLE = Automatic;
				CURRENT_PROJECT_VERSION = 1;
				DEVELOPMENT_ASSET_PATHS = "\"Weather/Preview Content\"";
				DEVELOPMENT_TEAM = PMUCGBJYJT;
				ENABLE_PREVIEWS = YES;
				GENERATE_INFOPLIST_FILE = YES;
				INFOPLIST_KEY_UIApplicationSceneManifest_Generation = YES;
				INFOPLIST_KEY_UIApplicationSupportsIndirectInputEvents = YES;
				INFOPLIST_KEY_UILaunchScreen_Generation = YES;
				INFOPLIST_KEY_UISupportedInterfaceOrientations_iPad = "UIInterfaceOrientationPortrait UIInterfaceOrientationPortraitUpsideDown UIInterfaceOrientationLandscapeLeft UIInterfaceOrientationLandscapeRight";
				INFOPLIST_KEY_UISupportedInterfaceOrientations_iPhone = "UIInterfaceOrientationPortrait UIInterfaceOrientationLandscapeLeft UIInterfaceOrientationLandscapeRight";
				LD_RUNPATH_SEARCH_PATHS = (
					"$(inherited)",
					"@executable_path/Frameworks",
				);
				MARKETING_VERSION = 1.0;
				PRODUCT_BUNDLE_IDENTIFIER = com.venturelive.Weather;
				PRODUCT_NAME = "$(TARGET_NAME)";
				SWIFT_EMIT_LOC_STRINGS = YES;
				SWIFT_VERSION = 5.0;
				TARGETED_DEVICE_FAMILY = "1,2";
			};
			name = Release;
		};
/* End XCBuildConfiguration section */

/* Begin XCConfigurationList section */
		4A5B5861293DDAAD00DE1E59 /* Build configuration list for PBXProject "Weather" */ = {
			isa = XCConfigurationList;
			buildConfigurations = (
				4A5B5872293DDAAF00DE1E59 /* Debug */,
				4A5B5873293DDAAF00DE1E59 /* Release */,
			);
			defaultConfigurationIsVisible = 0;
			defaultConfigurationName = Release;
		};
		4A5B5874293DDAAF00DE1E59 /* Build configuration list for PBXNativeTarget "Weather" */ = {
			isa = XCConfigurationList;
			buildConfigurations = (
				4A5B5875293DDAAF00DE1E59 /* Debug */,
				4A5B5876293DDAAF00DE1E59 /* Release */,
			);
			defaultConfigurationIsVisible = 0;
			defaultConfigurationName = Release;
		};
/* End XCConfigurationList section */

/* Begin XCRemoteSwiftPackageReference section */
		4A5B5886293DEFB700DE1E59 /* XCRemoteSwiftPackageReference "BottomSheet" */ = {
			isa = XCRemoteSwiftPackageReference;
			repositoryURL = "https://github.com/Wouter125/BottomSheet";
			requirement = {
				branch = main;
				kind = branch;
			};
		};
/* End XCRemoteSwiftPackageReference section */

/* Begin XCSwiftPackageProductDependency section */
		4A5B5887293DEFB700DE1E59 /* BottomSheet */ = {
			isa = XCSwiftPackageProductDependency;
			package = 4A5B5886293DEFB700DE1E59 /* XCRemoteSwiftPackageReference "BottomSheet" */;
			productName = BottomSheet;
		};
/* End XCSwiftPackageProductDependency section */
	};
	rootObject = 4A5B585E293DDAAD00DE1E59 /* Project object */;
}
